
Microsoft Visual Studio Solution File, Format Version 12.00
# Visual Studio Version 16
VisualStudioVersion = 16.0.30011.22
MinimumVisualStudioVersion = 10.0.40219.1
Project("{F184B08F-C81C-45F6-A57F-5ABD9991F28F}") = "MENÚ DE OPCIONES", "MENÚ DE OPCIONES.vbproj", "{B227FBC8-099C-4E5B-8AAE-07050707EED2}"
EndProject
Project("{F184B08F-C81C-45F6-A57F-5ABD9991F28F}") = "PROMEDIO DE 3 CALIFICACIONES", "..\PROMEDIO DE 3 CALIFICACIONES\PROMEDIO DE 3 CALIFICACIONES.vbproj", "{A74268E2-1938-45BD-B4FA-2ED679C1056D}"
EndProject
Project("{F184B08F-C81C-45F6-A57F-5ABD9991F28F}") = "EFECTIVO O TARJETA CON 3 SUMAS", "..\TARJETA O EFECTIVO 3 SUMAS\EFECTIVO O TARJETA CON 3 SUMAS\EFECTIVO O TARJETA CON 3 SUMAS\EFECTIVO O TARJETA CON 3 SUMAS.vbproj", "{EE9F10F6-838B-4293-98F0-511AE9D1481E}"
EndProject
Project("{F184B08F-C81C-45F6-A57F-5ABD9991F28F}") = "MÚLTIPLOS", "..\MÚLTIPLOS\MÚLTIPLOS.vbproj", "{88695805-C24C-4874-9D6D-FD2CA8A02B31}"
EndProject
Project("{F184B08F-C81C-45F6-A57F-5ABD9991F28F}") = "TABLAS DE MULTIPLICAR", "..\TABLAS DE MULTIPLICAR\TABLAS DE MULTIPLICAR.vbproj", "{237CA668-0E65-4061-81F5-8A422341C3EA}"
EndProject
Global
	GlobalSection(SolutionConfigurationPlatforms) = preSolution
		Debug|Any CPU = Debug|Any CPU
		Release|Any CPU = Release|Any CPU
	EndGlobalSection
	GlobalSection(ProjectConfigurationPlatforms) = postSolution
		{B227FBC8-099C-4E5B-8AAE-07050707EED2}.Debug|Any CPU.ActiveCfg = Debug|Any CPU
		{B227FBC8-099C-4E5B-8AAE-07050707EED2}.Debug|Any CPU.Build.0 = Debug|Any CPU
		{B227FBC8-099C-4E5B-8AAE-07050707EED2}.Release|Any CPU.ActiveCfg = Release|Any CPU
		{B227FBC8-099C-4E5B-8AAE-07050707EED2}.Release|Any CPU.Build.0 = Release|Any CPU
		{A74268E2-1938-45BD-B4FA-2ED679C1056D}.Debug|Any CPU.ActiveCfg = Debug|Any CPU
		{A74268E2-1938-45BD-B4FA-2ED679C1056D}.Debug|Any CPU.Build.0 = Debug|Any CPU
		{A74268E2-1938-45BD-B4FA-2ED679C1056D}.Release|Any CPU.ActiveCfg = Release|Any CPU
		{A74268E2-1938-45BD-B4FA-2ED679C1056D}.Release|Any CPU.Build.0 = Release|Any CPU
		{EE9F10F6-838B-4293-98F0-511AE9D1481E}.Debug|Any CPU.ActiveCfg = Debug|Any CPU
		{EE9F10F6-838B-4293-98F0-511AE9D1481E}.Debug|Any CPU.Build.0 = Debug|Any CPU
		{EE9F10F6-838B-4293-98F0-511AE9D1481E}.Release|Any CPU.ActiveCfg = Release|Any CPU
		{EE9F10F6-838B-4293-98F0-511AE9D1481E}.Release|Any CPU.Build.0 = Release|Any CPU
		{88695805-C24C-4874-9D6D-FD2CA8A02B31}.Debug|Any CPU.ActiveCfg = Debug|Any CPU
		{88695805-C24C-4874-9D6D-FD2CA8A02B31}.Debug|Any CPU.Build.0 = Debug|Any CPU
		{88695805-C24C-4874-9D6D-FD2CA8A02B31}.Release|Any CPU.ActiveCfg = Release|Any CPU
		{88695805-C24C-4874-9D6D-FD2CA8A02B31}.Release|Any CPU.Build.0 = Release|Any CPU
		{237CA668-0E65-4061-81F5-8A422341C3EA}.Debug|Any CPU.ActiveCfg = Debug|Any CPU
		{237CA668-0E65-4061-81F5-8A422341C3EA}.Debug|Any CPU.Build.0 = Debug|Any CPU
		{237CA668-0E65-4061-81F5-8A422341C3EA}.Release|Any CPU.ActiveCfg = Release|Any CPU
		{237CA668-0E65-4061-81F5-8A422341C3EA}.Release|Any CPU.Build.0 = Release|Any CPU
	EndGlobalSection
	GlobalSection(SolutionProperties) = preSolution
		HideSolutionNode = FALSE
	EndGlobalSection
	GlobalSection(ExtensibilityGlobals) = postSolution
		SolutionGuid = {400F031F-E475-4D6A-B37D-4513A7840712}
	EndGlobalSection
EndGlobal
