
Microsoft Visual Studio Solution File, Format Version 12.00
# Visual Studio Version 17
VisualStudioVersion = 17.3.32929.385
MinimumVisualStudioVersion = 10.0.40219.1
Project("{FAE04EC0-301F-11D3-BF4B-00C04F79EFBC}") = "Evidencia3FundamentosDeProgramacion", "Evidencia3FundamentosDeProgramacion.csproj", "{159D1BD6-61D9-4992-B627-DA3DA13A1806}"
EndProject
Global
	GlobalSection(SolutionConfigurationPlatforms) = preSolution
		Debug|Any CPU = Debug|Any CPU
		Release|Any CPU = Release|Any CPU
	EndGlobalSection
	GlobalSection(ProjectConfigurationPlatforms) = postSolution
		{159D1BD6-61D9-4992-B627-DA3DA13A1806}.Debug|Any CPU.ActiveCfg = Debug|Any CPU
		{159D1BD6-61D9-4992-B627-DA3DA13A1806}.Debug|Any CPU.Build.0 = Debug|Any CPU
		{159D1BD6-61D9-4992-B627-DA3DA13A1806}.Release|Any CPU.ActiveCfg = Release|Any CPU
		{159D1BD6-61D9-4992-B627-DA3DA13A1806}.Release|Any CPU.Build.0 = Release|Any CPU
	EndGlobalSection
	GlobalSection(SolutionProperties) = preSolution
		HideSolutionNode = FALSE
	EndGlobalSection
	GlobalSection(ExtensibilityGlobals) = postSolution
		SolutionGuid = {1788EBAC-52F5-4086-A0FF-4EED41C2F4CD}
	EndGlobalSection
EndGlobal
